
Microsoft Visual Studio Solution File, Format Version 12.00
# Visual Studio Version 16
VisualStudioVersion = 16.0.31624.102
MinimumVisualStudioVersion = 10.0.40219.1
Project("{FAE04EC0-301F-11D3-BF4B-00C04F79EFBC}") = "printEven", "printEven\printEven.csproj", "{3F44D54F-6729-440E-A419-A92F5CEDC637}"
EndProject
Global
	GlobalSection(SolutionConfigurationPlatforms) = preSolution
		Debug|Any CPU = Debug|Any CPU
		Release|Any CPU = Release|Any CPU
	EndGlobalSection
	GlobalSection(ProjectConfigurationPlatforms) = postSolution
		{3F44D54F-6729-440E-A419-A92F5CEDC637}.Debug|Any CPU.ActiveCfg = Debug|Any CPU
		{3F44D54F-6729-440E-A419-A92F5CEDC637}.Debug|Any CPU.Build.0 = Debug|Any CPU
		{3F44D54F-6729-440E-A419-A92F5CEDC637}.Release|Any CPU.ActiveCfg = Release|Any CPU
		{3F44D54F-6729-440E-A419-A92F5CEDC637}.Release|Any CPU.Build.0 = Release|Any CPU
	EndGlobalSection
	GlobalSection(SolutionProperties) = preSolution
		HideSolutionNode = FALSE
	EndGlobalSection
	GlobalSection(ExtensibilityGlobals) = postSolution
		SolutionGuid = {B6E05E74-F5CA-42CD-97BF-D7680363CAB7}
	EndGlobalSection
EndGlobal
