
Microsoft Visual Studio Solution File, Format Version 12.00
# Visual Studio Version 16
VisualStudioVersion = 16.0.31624.102
MinimumVisualStudioVersion = 10.0.40219.1
Project("{FAE04EC0-301F-11D3-BF4B-00C04F79EFBC}") = "oddEven", "oddEven\oddEven.csproj", "{7EA801F9-76C4-491C-BC46-D74D82D51AB5}"
EndProject
Global
	GlobalSection(SolutionConfigurationPlatforms) = preSolution
		Debug|Any CPU = Debug|Any CPU
		Release|Any CPU = Release|Any CPU
	EndGlobalSection
	GlobalSection(ProjectConfigurationPlatforms) = postSolution
		{7EA801F9-76C4-491C-BC46-D74D82D51AB5}.Debug|Any CPU.ActiveCfg = Debug|Any CPU
		{7EA801F9-76C4-491C-BC46-D74D82D51AB5}.Debug|Any CPU.Build.0 = Debug|Any CPU
		{7EA801F9-76C4-491C-BC46-D74D82D51AB5}.Release|Any CPU.ActiveCfg = Release|Any CPU
		{7EA801F9-76C4-491C-BC46-D74D82D51AB5}.Release|Any CPU.Build.0 = Release|Any CPU
	EndGlobalSection
	GlobalSection(SolutionProperties) = preSolution
		HideSolutionNode = FALSE
	EndGlobalSection
	GlobalSection(ExtensibilityGlobals) = postSolution
		SolutionGuid = {98AB54DC-389A-4FB4-9A72-81AB265BB08F}
	EndGlobalSection
EndGlobal
