
Microsoft Visual Studio Solution File, Format Version 12.00
# Visual Studio Version 16
VisualStudioVersion = 16.0.31729.503
MinimumVisualStudioVersion = 10.0.40219.1
Project("{FAE04EC0-301F-11D3-BF4B-00C04F79EFBC}") = "UsefulUtilities", "UsefulUtilities\UsefulUtilities.csproj", "{B88A9580-1553-49E2-93B2-7272436D3583}"
EndProject
Global
	GlobalSection(SolutionConfigurationPlatforms) = preSolution
		Debug|Any CPU = Debug|Any CPU
		Release|Any CPU = Release|Any CPU
	EndGlobalSection
	GlobalSection(ProjectConfigurationPlatforms) = postSolution
		{B88A9580-1553-49E2-93B2-7272436D3583}.Debug|Any CPU.ActiveCfg = Debug|Any CPU
		{B88A9580-1553-49E2-93B2-7272436D3583}.Debug|Any CPU.Build.0 = Debug|Any CPU
		{B88A9580-1553-49E2-93B2-7272436D3583}.Release|Any CPU.ActiveCfg = Release|Any CPU
		{B88A9580-1553-49E2-93B2-7272436D3583}.Release|Any CPU.Build.0 = Release|Any CPU
	EndGlobalSection
	GlobalSection(SolutionProperties) = preSolution
		HideSolutionNode = FALSE
	EndGlobalSection
	GlobalSection(ExtensibilityGlobals) = postSolution
		SolutionGuid = {67A3B3F4-3CB1-425C-93CB-1487FA4B3F13}
	EndGlobalSection
EndGlobal
