
Microsoft Visual Studio Solution File, Format Version 12.00
# Visual Studio Version 16
VisualStudioVersion = 16.0.31729.503
MinimumVisualStudioVersion = 10.0.40219.1
Project("{FAE04EC0-301F-11D3-BF4B-00C04F79EFBC}") = "FizzBuzzWoof", "FizzBuzzWoof\FizzBuzzWoof.csproj", "{87964BE4-530B-4605-877C-AD581A1ACAE8}"
EndProject
Global
	GlobalSection(SolutionConfigurationPlatforms) = preSolution
		Debug|Any CPU = Debug|Any CPU
		Release|Any CPU = Release|Any CPU
	EndGlobalSection
	GlobalSection(ProjectConfigurationPlatforms) = postSolution
		{87964BE4-530B-4605-877C-AD581A1ACAE8}.Debug|Any CPU.ActiveCfg = Debug|Any CPU
		{87964BE4-530B-4605-877C-AD581A1ACAE8}.Debug|Any CPU.Build.0 = Debug|Any CPU
		{87964BE4-530B-4605-877C-AD581A1ACAE8}.Release|Any CPU.ActiveCfg = Release|Any CPU
		{87964BE4-530B-4605-877C-AD581A1ACAE8}.Release|Any CPU.Build.0 = Release|Any CPU
	EndGlobalSection
	GlobalSection(SolutionProperties) = preSolution
		HideSolutionNode = FALSE
	EndGlobalSection
	GlobalSection(ExtensibilityGlobals) = postSolution
		SolutionGuid = {F39C55CD-BEA4-4A4F-88CF-D9EF6F176E59}
	EndGlobalSection
EndGlobal
