
Microsoft Visual Studio Solution File, Format Version 12.00
# Visual Studio Version 16
VisualStudioVersion = 16.0.31624.102
MinimumVisualStudioVersion = 10.0.40219.1
Project("{FAE04EC0-301F-11D3-BF4B-00C04F79EFBC}") = "CountLetters", "CountLetters\CountLetters.csproj", "{78B67668-958C-42EE-A16F-302F227FFE95}"
EndProject
Project("{FAE04EC0-301F-11D3-BF4B-00C04F79EFBC}") = "TestCount", "TestCount\TestCount.csproj", "{F53701AA-69A4-4064-8E4C-B31368CE6D89}"
EndProject
Global
	GlobalSection(SolutionConfigurationPlatforms) = preSolution
		Debug|Any CPU = Debug|Any CPU
		Release|Any CPU = Release|Any CPU
	EndGlobalSection
	GlobalSection(ProjectConfigurationPlatforms) = postSolution
		{78B67668-958C-42EE-A16F-302F227FFE95}.Debug|Any CPU.ActiveCfg = Debug|Any CPU
		{78B67668-958C-42EE-A16F-302F227FFE95}.Debug|Any CPU.Build.0 = Debug|Any CPU
		{78B67668-958C-42EE-A16F-302F227FFE95}.Release|Any CPU.ActiveCfg = Release|Any CPU
		{78B67668-958C-42EE-A16F-302F227FFE95}.Release|Any CPU.Build.0 = Release|Any CPU
		{F53701AA-69A4-4064-8E4C-B31368CE6D89}.Debug|Any CPU.ActiveCfg = Debug|Any CPU
		{F53701AA-69A4-4064-8E4C-B31368CE6D89}.Debug|Any CPU.Build.0 = Debug|Any CPU
		{F53701AA-69A4-4064-8E4C-B31368CE6D89}.Release|Any CPU.ActiveCfg = Release|Any CPU
		{F53701AA-69A4-4064-8E4C-B31368CE6D89}.Release|Any CPU.Build.0 = Release|Any CPU
	EndGlobalSection
	GlobalSection(SolutionProperties) = preSolution
		HideSolutionNode = FALSE
	EndGlobalSection
	GlobalSection(ExtensibilityGlobals) = postSolution
		SolutionGuid = {40B26F96-5EDF-4ADD-B47A-CCF5CB0259D6}
	EndGlobalSection
EndGlobal
