
Microsoft Visual Studio Solution File, Format Version 12.00
# Visual Studio Version 16
VisualStudioVersion = 16.0.31624.102
MinimumVisualStudioVersion = 10.0.40219.1
Project("{FAE04EC0-301F-11D3-BF4B-00C04F79EFBC}") = "mileToKmConverter", "mileToKmConverter\mileToKmConverter.csproj", "{3B6AF710-B84D-4777-B847-69F4961364EB}"
EndProject
Global
	GlobalSection(SolutionConfigurationPlatforms) = preSolution
		Debug|Any CPU = Debug|Any CPU
		Release|Any CPU = Release|Any CPU
	EndGlobalSection
	GlobalSection(ProjectConfigurationPlatforms) = postSolution
		{3B6AF710-B84D-4777-B847-69F4961364EB}.Debug|Any CPU.ActiveCfg = Debug|Any CPU
		{3B6AF710-B84D-4777-B847-69F4961364EB}.Debug|Any CPU.Build.0 = Debug|Any CPU
		{3B6AF710-B84D-4777-B847-69F4961364EB}.Release|Any CPU.ActiveCfg = Release|Any CPU
		{3B6AF710-B84D-4777-B847-69F4961364EB}.Release|Any CPU.Build.0 = Release|Any CPU
	EndGlobalSection
	GlobalSection(SolutionProperties) = preSolution
		HideSolutionNode = FALSE
	EndGlobalSection
	GlobalSection(ExtensibilityGlobals) = postSolution
		SolutionGuid = {DBE0288A-5469-4223-9453-0124E8C6CDA1}
	EndGlobalSection
EndGlobal
