
Microsoft Visual Studio Solution File, Format Version 12.00
# Visual Studio Version 16
VisualStudioVersion = 16.0.31624.102
MinimumVisualStudioVersion = 10.0.40219.1
Project("{FAE04EC0-301F-11D3-BF4B-00C04F79EFBC}") = "IWontCheatOnTheExams", "IWontCheatOnTheExams\IWontCheatOnTheExams.csproj", "{96503734-3CC9-4FA6-B1BE-7620228AFD13}"
EndProject
Global
	GlobalSection(SolutionConfigurationPlatforms) = preSolution
		Debug|Any CPU = Debug|Any CPU
		Release|Any CPU = Release|Any CPU
	EndGlobalSection
	GlobalSection(ProjectConfigurationPlatforms) = postSolution
		{96503734-3CC9-4FA6-B1BE-7620228AFD13}.Debug|Any CPU.ActiveCfg = Debug|Any CPU
		{96503734-3CC9-4FA6-B1BE-7620228AFD13}.Debug|Any CPU.Build.0 = Debug|Any CPU
		{96503734-3CC9-4FA6-B1BE-7620228AFD13}.Release|Any CPU.ActiveCfg = Release|Any CPU
		{96503734-3CC9-4FA6-B1BE-7620228AFD13}.Release|Any CPU.Build.0 = Release|Any CPU
	EndGlobalSection
	GlobalSection(SolutionProperties) = preSolution
		HideSolutionNode = FALSE
	EndGlobalSection
	GlobalSection(ExtensibilityGlobals) = postSolution
		SolutionGuid = {0BC081AA-188E-4441-B61C-50A9BD5B6F42}
	EndGlobalSection
EndGlobal
