
Microsoft Visual Studio Solution File, Format Version 12.00
# Visual Studio Version 16
VisualStudioVersion = 16.0.31624.102
MinimumVisualStudioVersion = 10.0.40219.1
Project("{FAE04EC0-301F-11D3-BF4B-00C04F79EFBC}") = "TeacherAndStudents", "TeacherAndStudents\TeacherAndStudents.csproj", "{84570D5E-52EE-4007-A16F-6AC3A8D5062E}"
EndProject
Global
	GlobalSection(SolutionConfigurationPlatforms) = preSolution
		Debug|Any CPU = Debug|Any CPU
		Release|Any CPU = Release|Any CPU
	EndGlobalSection
	GlobalSection(ProjectConfigurationPlatforms) = postSolution
		{84570D5E-52EE-4007-A16F-6AC3A8D5062E}.Debug|Any CPU.ActiveCfg = Debug|Any CPU
		{84570D5E-52EE-4007-A16F-6AC3A8D5062E}.Debug|Any CPU.Build.0 = Debug|Any CPU
		{84570D5E-52EE-4007-A16F-6AC3A8D5062E}.Release|Any CPU.ActiveCfg = Release|Any CPU
		{84570D5E-52EE-4007-A16F-6AC3A8D5062E}.Release|Any CPU.Build.0 = Release|Any CPU
	EndGlobalSection
	GlobalSection(SolutionProperties) = preSolution
		HideSolutionNode = FALSE
	EndGlobalSection
	GlobalSection(ExtensibilityGlobals) = postSolution
		SolutionGuid = {B823780A-D2BE-4306-8F8E-77657874B7AD}
	EndGlobalSection
EndGlobal
