
Microsoft Visual Studio Solution File, Format Version 12.00
# Visual Studio Version 16
VisualStudioVersion = 16.0.31624.102
MinimumVisualStudioVersion = 10.0.40219.1
Project("{FAE04EC0-301F-11D3-BF4B-00C04F79EFBC}") = "LotteryNumbers", "LotteryNumbers\LotteryNumbers.csproj", "{3ECAE700-7CDE-4174-A866-53D17F261229}"
EndProject
Global
	GlobalSection(SolutionConfigurationPlatforms) = preSolution
		Debug|Any CPU = Debug|Any CPU
		Release|Any CPU = Release|Any CPU
	EndGlobalSection
	GlobalSection(ProjectConfigurationPlatforms) = postSolution
		{3ECAE700-7CDE-4174-A866-53D17F261229}.Debug|Any CPU.ActiveCfg = Debug|Any CPU
		{3ECAE700-7CDE-4174-A866-53D17F261229}.Debug|Any CPU.Build.0 = Debug|Any CPU
		{3ECAE700-7CDE-4174-A866-53D17F261229}.Release|Any CPU.ActiveCfg = Release|Any CPU
		{3ECAE700-7CDE-4174-A866-53D17F261229}.Release|Any CPU.Build.0 = Release|Any CPU
	EndGlobalSection
	GlobalSection(SolutionProperties) = preSolution
		HideSolutionNode = FALSE
	EndGlobalSection
	GlobalSection(ExtensibilityGlobals) = postSolution
		SolutionGuid = {258D929F-9C2F-4AEB-ADDB-57D9F0AEE8D9}
	EndGlobalSection
EndGlobal
