
Microsoft Visual Studio Solution File, Format Version 12.00
# Visual Studio Version 16
VisualStudioVersion = 16.0.31624.102
MinimumVisualStudioVersion = 10.0.40219.1
Project("{FAE04EC0-301F-11D3-BF4B-00C04F79EFBC}") = "CompareLength", "CompareLength\CompareLength.csproj", "{D5ACD037-2B58-443D-8677-583B38FB59F4}"
EndProject
Global
	GlobalSection(SolutionConfigurationPlatforms) = preSolution
		Debug|Any CPU = Debug|Any CPU
		Release|Any CPU = Release|Any CPU
	EndGlobalSection
	GlobalSection(ProjectConfigurationPlatforms) = postSolution
		{D5ACD037-2B58-443D-8677-583B38FB59F4}.Debug|Any CPU.ActiveCfg = Debug|Any CPU
		{D5ACD037-2B58-443D-8677-583B38FB59F4}.Debug|Any CPU.Build.0 = Debug|Any CPU
		{D5ACD037-2B58-443D-8677-583B38FB59F4}.Release|Any CPU.ActiveCfg = Release|Any CPU
		{D5ACD037-2B58-443D-8677-583B38FB59F4}.Release|Any CPU.Build.0 = Release|Any CPU
	EndGlobalSection
	GlobalSection(SolutionProperties) = preSolution
		HideSolutionNode = FALSE
	EndGlobalSection
	GlobalSection(ExtensibilityGlobals) = postSolution
		SolutionGuid = {FC06D642-5DCC-488A-BDBC-BBA5B933F89A}
	EndGlobalSection
EndGlobal
