
Microsoft Visual Studio Solution File, Format Version 12.00
# Visual Studio Version 16
VisualStudioVersion = 16.0.31624.102
MinimumVisualStudioVersion = 10.0.40219.1
Project("{FAE04EC0-301F-11D3-BF4B-00C04F79EFBC}") = "helloUser", "helloUser\helloUser.csproj", "{BB9A7720-2C35-4EEC-B439-7B25C283232B}"
EndProject
Global
	GlobalSection(SolutionConfigurationPlatforms) = preSolution
		Debug|Any CPU = Debug|Any CPU
		Release|Any CPU = Release|Any CPU
	EndGlobalSection
	GlobalSection(ProjectConfigurationPlatforms) = postSolution
		{BB9A7720-2C35-4EEC-B439-7B25C283232B}.Debug|Any CPU.ActiveCfg = Debug|Any CPU
		{BB9A7720-2C35-4EEC-B439-7B25C283232B}.Debug|Any CPU.Build.0 = Debug|Any CPU
		{BB9A7720-2C35-4EEC-B439-7B25C283232B}.Release|Any CPU.ActiveCfg = Release|Any CPU
		{BB9A7720-2C35-4EEC-B439-7B25C283232B}.Release|Any CPU.Build.0 = Release|Any CPU
	EndGlobalSection
	GlobalSection(SolutionProperties) = preSolution
		HideSolutionNode = FALSE
	EndGlobalSection
	GlobalSection(ExtensibilityGlobals) = postSolution
		SolutionGuid = {757BD1FA-B6BC-4822-97D0-391399A6968D}
	EndGlobalSection
EndGlobal
