
Microsoft Visual Studio Solution File, Format Version 12.00
# Visual Studio Version 16
VisualStudioVersion = 16.0.31624.102
MinimumVisualStudioVersion = 10.0.40219.1
Project("{FAE04EC0-301F-11D3-BF4B-00C04F79EFBC}") = "Bunnies", "Bunnies\Bunnies.csproj", "{FACA9728-1311-4613-903B-E2333F7054AD}"
EndProject
Global
	GlobalSection(SolutionConfigurationPlatforms) = preSolution
		Debug|Any CPU = Debug|Any CPU
		Release|Any CPU = Release|Any CPU
	EndGlobalSection
	GlobalSection(ProjectConfigurationPlatforms) = postSolution
		{FACA9728-1311-4613-903B-E2333F7054AD}.Debug|Any CPU.ActiveCfg = Debug|Any CPU
		{FACA9728-1311-4613-903B-E2333F7054AD}.Debug|Any CPU.Build.0 = Debug|Any CPU
		{FACA9728-1311-4613-903B-E2333F7054AD}.Release|Any CPU.ActiveCfg = Release|Any CPU
		{FACA9728-1311-4613-903B-E2333F7054AD}.Release|Any CPU.Build.0 = Release|Any CPU
	EndGlobalSection
	GlobalSection(SolutionProperties) = preSolution
		HideSolutionNode = FALSE
	EndGlobalSection
	GlobalSection(ExtensibilityGlobals) = postSolution
		SolutionGuid = {02A06953-8D8B-4F20-8D75-738AE38CBDE6}
	EndGlobalSection
EndGlobal
