
Microsoft Visual Studio Solution File, Format Version 12.00
# Visual Studio Version 16
VisualStudioVersion = 16.0.31624.102
MinimumVisualStudioVersion = 10.0.40219.1
Project("{FAE04EC0-301F-11D3-BF4B-00C04F79EFBC}") = "drawChessTable", "drawChessTable\drawChessTable.csproj", "{32E536E9-804F-4B27-8FF1-4385C5D38280}"
EndProject
Global
	GlobalSection(SolutionConfigurationPlatforms) = preSolution
		Debug|Any CPU = Debug|Any CPU
		Release|Any CPU = Release|Any CPU
	EndGlobalSection
	GlobalSection(ProjectConfigurationPlatforms) = postSolution
		{32E536E9-804F-4B27-8FF1-4385C5D38280}.Debug|Any CPU.ActiveCfg = Debug|Any CPU
		{32E536E9-804F-4B27-8FF1-4385C5D38280}.Debug|Any CPU.Build.0 = Debug|Any CPU
		{32E536E9-804F-4B27-8FF1-4385C5D38280}.Release|Any CPU.ActiveCfg = Release|Any CPU
		{32E536E9-804F-4B27-8FF1-4385C5D38280}.Release|Any CPU.Build.0 = Release|Any CPU
	EndGlobalSection
	GlobalSection(SolutionProperties) = preSolution
		HideSolutionNode = FALSE
	EndGlobalSection
	GlobalSection(ExtensibilityGlobals) = postSolution
		SolutionGuid = {81076380-55AA-4253-8D49-AB32DC171D07}
	EndGlobalSection
EndGlobal
