
Microsoft Visual Studio Solution File, Format Version 12.00
# Visual Studio Version 16
VisualStudioVersion = 16.0.31624.102
MinimumVisualStudioVersion = 10.0.40219.1
Project("{FAE04EC0-301F-11D3-BF4B-00C04F79EFBC}") = "Births", "Births\Births.csproj", "{F8A7D39C-037B-4E6A-9215-67B5B661E800}"
EndProject
Global
	GlobalSection(SolutionConfigurationPlatforms) = preSolution
		Debug|Any CPU = Debug|Any CPU
		Release|Any CPU = Release|Any CPU
	EndGlobalSection
	GlobalSection(ProjectConfigurationPlatforms) = postSolution
		{F8A7D39C-037B-4E6A-9215-67B5B661E800}.Debug|Any CPU.ActiveCfg = Debug|Any CPU
		{F8A7D39C-037B-4E6A-9215-67B5B661E800}.Debug|Any CPU.Build.0 = Debug|Any CPU
		{F8A7D39C-037B-4E6A-9215-67B5B661E800}.Release|Any CPU.ActiveCfg = Release|Any CPU
		{F8A7D39C-037B-4E6A-9215-67B5B661E800}.Release|Any CPU.Build.0 = Release|Any CPU
	EndGlobalSection
	GlobalSection(SolutionProperties) = preSolution
		HideSolutionNode = FALSE
	EndGlobalSection
	GlobalSection(ExtensibilityGlobals) = postSolution
		SolutionGuid = {077C5A7A-C0DD-4382-8BBF-4723FB551D81}
	EndGlobalSection
EndGlobal
