
Microsoft Visual Studio Solution File, Format Version 12.00
# Visual Studio Version 16
VisualStudioVersion = 16.0.31624.102
MinimumVisualStudioVersion = 10.0.40219.1
Project("{FAE04EC0-301F-11D3-BF4B-00C04F79EFBC}") = "Minecraft", "Minecraft\Minecraft.csproj", "{F11702DD-5C02-45DF-8F98-4243B5E7318D}"
EndProject
Global
	GlobalSection(SolutionConfigurationPlatforms) = preSolution
		Debug|Any CPU = Debug|Any CPU
		Release|Any CPU = Release|Any CPU
	EndGlobalSection
	GlobalSection(ProjectConfigurationPlatforms) = postSolution
		{F11702DD-5C02-45DF-8F98-4243B5E7318D}.Debug|Any CPU.ActiveCfg = Debug|Any CPU
		{F11702DD-5C02-45DF-8F98-4243B5E7318D}.Debug|Any CPU.Build.0 = Debug|Any CPU
		{F11702DD-5C02-45DF-8F98-4243B5E7318D}.Release|Any CPU.ActiveCfg = Release|Any CPU
		{F11702DD-5C02-45DF-8F98-4243B5E7318D}.Release|Any CPU.Build.0 = Release|Any CPU
	EndGlobalSection
	GlobalSection(SolutionProperties) = preSolution
		HideSolutionNode = FALSE
	EndGlobalSection
	GlobalSection(ExtensibilityGlobals) = postSolution
		SolutionGuid = {51EBB5B3-B48B-4D39-903D-0AE6A943D404}
	EndGlobalSection
EndGlobal
