
Microsoft Visual Studio Solution File, Format Version 12.00
# Visual Studio Version 16
VisualStudioVersion = 16.0.31624.102
MinimumVisualStudioVersion = 10.0.40219.1
Project("{FAE04EC0-301F-11D3-BF4B-00C04F79EFBC}") = "Pokemon", "Pokemon\Pokemon.csproj", "{9CDE330A-DA54-4D10-A0F6-20E8CAF68ECB}"
EndProject
Global
	GlobalSection(SolutionConfigurationPlatforms) = preSolution
		Debug|Any CPU = Debug|Any CPU
		Release|Any CPU = Release|Any CPU
	EndGlobalSection
	GlobalSection(ProjectConfigurationPlatforms) = postSolution
		{9CDE330A-DA54-4D10-A0F6-20E8CAF68ECB}.Debug|Any CPU.ActiveCfg = Debug|Any CPU
		{9CDE330A-DA54-4D10-A0F6-20E8CAF68ECB}.Debug|Any CPU.Build.0 = Debug|Any CPU
		{9CDE330A-DA54-4D10-A0F6-20E8CAF68ECB}.Release|Any CPU.ActiveCfg = Release|Any CPU
		{9CDE330A-DA54-4D10-A0F6-20E8CAF68ECB}.Release|Any CPU.Build.0 = Release|Any CPU
	EndGlobalSection
	GlobalSection(SolutionProperties) = preSolution
		HideSolutionNode = FALSE
	EndGlobalSection
	GlobalSection(ExtensibilityGlobals) = postSolution
		SolutionGuid = {F76219C6-17F3-4C5E-8F5A-29532C896A15}
	EndGlobalSection
EndGlobal
