
Microsoft Visual Studio Solution File, Format Version 12.00
# Visual Studio Version 16
VisualStudioVersion = 16.0.31624.102
MinimumVisualStudioVersion = 10.0.40219.1
Project("{FAE04EC0-301F-11D3-BF4B-00C04F79EFBC}") = "ShoppingList", "ShoppingList\ShoppingList.csproj", "{C412C7D7-29FD-4A18-8953-FD20BFF2B1DA}"
EndProject
Global
	GlobalSection(SolutionConfigurationPlatforms) = preSolution
		Debug|Any CPU = Debug|Any CPU
		Release|Any CPU = Release|Any CPU
	EndGlobalSection
	GlobalSection(ProjectConfigurationPlatforms) = postSolution
		{C412C7D7-29FD-4A18-8953-FD20BFF2B1DA}.Debug|Any CPU.ActiveCfg = Debug|Any CPU
		{C412C7D7-29FD-4A18-8953-FD20BFF2B1DA}.Debug|Any CPU.Build.0 = Debug|Any CPU
		{C412C7D7-29FD-4A18-8953-FD20BFF2B1DA}.Release|Any CPU.ActiveCfg = Release|Any CPU
		{C412C7D7-29FD-4A18-8953-FD20BFF2B1DA}.Release|Any CPU.Build.0 = Release|Any CPU
	EndGlobalSection
	GlobalSection(SolutionProperties) = preSolution
		HideSolutionNode = FALSE
	EndGlobalSection
	GlobalSection(ExtensibilityGlobals) = postSolution
		SolutionGuid = {0178758D-A946-479E-8AAF-2CB21A8B1866}
	EndGlobalSection
EndGlobal
