
Microsoft Visual Studio Solution File, Format Version 12.00
# Visual Studio Version 16
VisualStudioVersion = 16.0.31624.102
MinimumVisualStudioVersion = 10.0.40219.1
Project("{FAE04EC0-301F-11D3-BF4B-00C04F79EFBC}") = "WriteSingleLine", "WriteSingleLine\WriteSingleLine.csproj", "{0EEFACCC-0B2C-45E1-AC49-6473140B1862}"
EndProject
Global
	GlobalSection(SolutionConfigurationPlatforms) = preSolution
		Debug|Any CPU = Debug|Any CPU
		Release|Any CPU = Release|Any CPU
	EndGlobalSection
	GlobalSection(ProjectConfigurationPlatforms) = postSolution
		{0EEFACCC-0B2C-45E1-AC49-6473140B1862}.Debug|Any CPU.ActiveCfg = Debug|Any CPU
		{0EEFACCC-0B2C-45E1-AC49-6473140B1862}.Debug|Any CPU.Build.0 = Debug|Any CPU
		{0EEFACCC-0B2C-45E1-AC49-6473140B1862}.Release|Any CPU.ActiveCfg = Release|Any CPU
		{0EEFACCC-0B2C-45E1-AC49-6473140B1862}.Release|Any CPU.Build.0 = Release|Any CPU
	EndGlobalSection
	GlobalSection(SolutionProperties) = preSolution
		HideSolutionNode = FALSE
	EndGlobalSection
	GlobalSection(ExtensibilityGlobals) = postSolution
		SolutionGuid = {F45D6061-0863-434D-B3AD-74CDBFAF346B}
	EndGlobalSection
EndGlobal
