
Microsoft Visual Studio Solution File, Format Version 12.00
# Visual Studio Version 16
VisualStudioVersion = 16.0.31729.503
MinimumVisualStudioVersion = 10.0.40219.1
Project("{FAE04EC0-301F-11D3-BF4B-00C04F79EFBC}") = "FirstFrontEnd", "FirstFrontEnd\FirstFrontEnd.csproj", "{7628157D-96B9-4D1F-9F59-C55E5596DADC}"
EndProject
Global
	GlobalSection(SolutionConfigurationPlatforms) = preSolution
		Debug|Any CPU = Debug|Any CPU
		Release|Any CPU = Release|Any CPU
	EndGlobalSection
	GlobalSection(ProjectConfigurationPlatforms) = postSolution
		{7628157D-96B9-4D1F-9F59-C55E5596DADC}.Debug|Any CPU.ActiveCfg = Debug|Any CPU
		{7628157D-96B9-4D1F-9F59-C55E5596DADC}.Debug|Any CPU.Build.0 = Debug|Any CPU
		{7628157D-96B9-4D1F-9F59-C55E5596DADC}.Release|Any CPU.ActiveCfg = Release|Any CPU
		{7628157D-96B9-4D1F-9F59-C55E5596DADC}.Release|Any CPU.Build.0 = Release|Any CPU
	EndGlobalSection
	GlobalSection(SolutionProperties) = preSolution
		HideSolutionNode = FALSE
	EndGlobalSection
	GlobalSection(ExtensibilityGlobals) = postSolution
		SolutionGuid = {EA441658-4CCE-4FE1-9289-B938132CB6AA}
	EndGlobalSection
EndGlobal
