
Microsoft Visual Studio Solution File, Format Version 12.00
# Visual Studio Version 16
VisualStudioVersion = 16.0.31624.102
MinimumVisualStudioVersion = 10.0.40219.1
Project("{9A19103F-16F7-4668-BE54-9A1E7A4F7556}") = "Apples.cs", "Apples.cs\Apples.cs.csproj", "{395BA6E1-7E5B-40FC-A3FC-0DD899669E63}"
EndProject
Project("{FAE04EC0-301F-11D3-BF4B-00C04F79EFBC}") = "TestApple", "TestApple\TestApple.csproj", "{B721EC52-6421-4616-9EC6-D0FD1DDCF5D0}"
EndProject
Global
	GlobalSection(SolutionConfigurationPlatforms) = preSolution
		Debug|Any CPU = Debug|Any CPU
		Release|Any CPU = Release|Any CPU
	EndGlobalSection
	GlobalSection(ProjectConfigurationPlatforms) = postSolution
		{395BA6E1-7E5B-40FC-A3FC-0DD899669E63}.Debug|Any CPU.ActiveCfg = Debug|Any CPU
		{395BA6E1-7E5B-40FC-A3FC-0DD899669E63}.Debug|Any CPU.Build.0 = Debug|Any CPU
		{395BA6E1-7E5B-40FC-A3FC-0DD899669E63}.Release|Any CPU.ActiveCfg = Release|Any CPU
		{395BA6E1-7E5B-40FC-A3FC-0DD899669E63}.Release|Any CPU.Build.0 = Release|Any CPU
		{B721EC52-6421-4616-9EC6-D0FD1DDCF5D0}.Debug|Any CPU.ActiveCfg = Debug|Any CPU
		{B721EC52-6421-4616-9EC6-D0FD1DDCF5D0}.Debug|Any CPU.Build.0 = Debug|Any CPU
		{B721EC52-6421-4616-9EC6-D0FD1DDCF5D0}.Release|Any CPU.ActiveCfg = Release|Any CPU
		{B721EC52-6421-4616-9EC6-D0FD1DDCF5D0}.Release|Any CPU.Build.0 = Release|Any CPU
	EndGlobalSection
	GlobalSection(SolutionProperties) = preSolution
		HideSolutionNode = FALSE
	EndGlobalSection
	GlobalSection(ExtensibilityGlobals) = postSolution
		SolutionGuid = {BD00E7B2-0BE4-4F4D-814A-F09E8FB2AE80}
	EndGlobalSection
EndGlobal
