
Microsoft Visual Studio Solution File, Format Version 12.00
# Visual Studio Version 16
VisualStudioVersion = 16.0.31624.102
MinimumVisualStudioVersion = 10.0.40219.1
Project("{FAE04EC0-301F-11D3-BF4B-00C04F79EFBC}") = "DiceSet", "DiceSet\DiceSet.csproj", "{13C97C9A-09D9-439F-909F-00994146893A}"
EndProject
Global
	GlobalSection(SolutionConfigurationPlatforms) = preSolution
		Debug|Any CPU = Debug|Any CPU
		Release|Any CPU = Release|Any CPU
	EndGlobalSection
	GlobalSection(ProjectConfigurationPlatforms) = postSolution
		{13C97C9A-09D9-439F-909F-00994146893A}.Debug|Any CPU.ActiveCfg = Debug|Any CPU
		{13C97C9A-09D9-439F-909F-00994146893A}.Debug|Any CPU.Build.0 = Debug|Any CPU
		{13C97C9A-09D9-439F-909F-00994146893A}.Release|Any CPU.ActiveCfg = Release|Any CPU
		{13C97C9A-09D9-439F-909F-00994146893A}.Release|Any CPU.Build.0 = Release|Any CPU
	EndGlobalSection
	GlobalSection(SolutionProperties) = preSolution
		HideSolutionNode = FALSE
	EndGlobalSection
	GlobalSection(ExtensibilityGlobals) = postSolution
		SolutionGuid = {4D6E4ACD-B3DE-4EDD-B37F-909D1E4DF9B6}
	EndGlobalSection
EndGlobal
