
Microsoft Visual Studio Solution File, Format Version 12.00
# Visual Studio Version 16
VisualStudioVersion = 16.0.31624.102
MinimumVisualStudioVersion = 10.0.40219.1
Project("{FAE04EC0-301F-11D3-BF4B-00C04F79EFBC}") = "defineBasicInfo", "defineBasicInfo\defineBasicInfo.csproj", "{40C83EFB-CA92-41F7-B928-8CC9FD3DE8BC}"
EndProject
Global
	GlobalSection(SolutionConfigurationPlatforms) = preSolution
		Debug|Any CPU = Debug|Any CPU
		Release|Any CPU = Release|Any CPU
	EndGlobalSection
	GlobalSection(ProjectConfigurationPlatforms) = postSolution
		{40C83EFB-CA92-41F7-B928-8CC9FD3DE8BC}.Debug|Any CPU.ActiveCfg = Debug|Any CPU
		{40C83EFB-CA92-41F7-B928-8CC9FD3DE8BC}.Debug|Any CPU.Build.0 = Debug|Any CPU
		{40C83EFB-CA92-41F7-B928-8CC9FD3DE8BC}.Release|Any CPU.ActiveCfg = Release|Any CPU
		{40C83EFB-CA92-41F7-B928-8CC9FD3DE8BC}.Release|Any CPU.Build.0 = Release|Any CPU
	EndGlobalSection
	GlobalSection(SolutionProperties) = preSolution
		HideSolutionNode = FALSE
	EndGlobalSection
	GlobalSection(ExtensibilityGlobals) = postSolution
		SolutionGuid = {5D6512F1-28B9-4911-89C7-F7616E807843}
	EndGlobalSection
EndGlobal
