
Microsoft Visual Studio Solution File, Format Version 12.00
# Visual Studio Version 16
VisualStudioVersion = 16.0.31624.102
MinimumVisualStudioVersion = 10.0.40219.1
Project("{FAE04EC0-301F-11D3-BF4B-00C04F79EFBC}") = "SumDigit", "SumDigit\SumDigit.csproj", "{F49A09B7-422C-4529-A068-322F28CBCD62}"
EndProject
Global
	GlobalSection(SolutionConfigurationPlatforms) = preSolution
		Debug|Any CPU = Debug|Any CPU
		Release|Any CPU = Release|Any CPU
	EndGlobalSection
	GlobalSection(ProjectConfigurationPlatforms) = postSolution
		{F49A09B7-422C-4529-A068-322F28CBCD62}.Debug|Any CPU.ActiveCfg = Debug|Any CPU
		{F49A09B7-422C-4529-A068-322F28CBCD62}.Debug|Any CPU.Build.0 = Debug|Any CPU
		{F49A09B7-422C-4529-A068-322F28CBCD62}.Release|Any CPU.ActiveCfg = Release|Any CPU
		{F49A09B7-422C-4529-A068-322F28CBCD62}.Release|Any CPU.Build.0 = Release|Any CPU
	EndGlobalSection
	GlobalSection(SolutionProperties) = preSolution
		HideSolutionNode = FALSE
	EndGlobalSection
	GlobalSection(ExtensibilityGlobals) = postSolution
		SolutionGuid = {8B64C2B5-21B5-4A1F-BF38-3C2407317AB2}
	EndGlobalSection
EndGlobal
