
Microsoft Visual Studio Solution File, Format Version 12.00
# Visual Studio Version 16
VisualStudioVersion = 16.0.31624.102
MinimumVisualStudioVersion = 10.0.40219.1
Project("{FAE04EC0-301F-11D3-BF4B-00C04F79EFBC}") = "AnimalsInTheZoo", "AnimalsInTheZoo\AnimalsInTheZoo.csproj", "{D5247C92-2711-4001-B312-E252BA1D3C22}"
EndProject
Global
	GlobalSection(SolutionConfigurationPlatforms) = preSolution
		Debug|Any CPU = Debug|Any CPU
		Release|Any CPU = Release|Any CPU
	EndGlobalSection
	GlobalSection(ProjectConfigurationPlatforms) = postSolution
		{D5247C92-2711-4001-B312-E252BA1D3C22}.Debug|Any CPU.ActiveCfg = Debug|Any CPU
		{D5247C92-2711-4001-B312-E252BA1D3C22}.Debug|Any CPU.Build.0 = Debug|Any CPU
		{D5247C92-2711-4001-B312-E252BA1D3C22}.Release|Any CPU.ActiveCfg = Release|Any CPU
		{D5247C92-2711-4001-B312-E252BA1D3C22}.Release|Any CPU.Build.0 = Release|Any CPU
	EndGlobalSection
	GlobalSection(SolutionProperties) = preSolution
		HideSolutionNode = FALSE
	EndGlobalSection
	GlobalSection(ExtensibilityGlobals) = postSolution
		SolutionGuid = {DE49F5FA-B3F5-4483-ABA8-53880B36C042}
	EndGlobalSection
EndGlobal
