
Microsoft Visual Studio Solution File, Format Version 12.00
# Visual Studio Version 16
VisualStudioVersion = 16.0.31624.102
MinimumVisualStudioVersion = 10.0.40219.1
Project("{FAE04EC0-301F-11D3-BF4B-00C04F79EFBC}") = "Palindrome-builder", "Palindrome-builder\Palindrome-builder.csproj", "{D3760232-C382-4E67-8B99-FA11421FB545}"
EndProject
Global
	GlobalSection(SolutionConfigurationPlatforms) = preSolution
		Debug|Any CPU = Debug|Any CPU
		Release|Any CPU = Release|Any CPU
	EndGlobalSection
	GlobalSection(ProjectConfigurationPlatforms) = postSolution
		{D3760232-C382-4E67-8B99-FA11421FB545}.Debug|Any CPU.ActiveCfg = Debug|Any CPU
		{D3760232-C382-4E67-8B99-FA11421FB545}.Debug|Any CPU.Build.0 = Debug|Any CPU
		{D3760232-C382-4E67-8B99-FA11421FB545}.Release|Any CPU.ActiveCfg = Release|Any CPU
		{D3760232-C382-4E67-8B99-FA11421FB545}.Release|Any CPU.Build.0 = Release|Any CPU
	EndGlobalSection
	GlobalSection(SolutionProperties) = preSolution
		HideSolutionNode = FALSE
	EndGlobalSection
	GlobalSection(ExtensibilityGlobals) = postSolution
		SolutionGuid = {FABDD14B-E6B1-465D-8151-53B232B2F2A6}
	EndGlobalSection
EndGlobal
