
Microsoft Visual Studio Solution File, Format Version 12.00
# Visual Studio Version 16
VisualStudioVersion = 16.0.31624.102
MinimumVisualStudioVersion = 10.0.40219.1
Project("{FAE04EC0-301F-11D3-BF4B-00C04F79EFBC}") = "StringsAgain", "StringsAgain\StringsAgain.csproj", "{550A6D1C-71D8-4397-89CB-A2F0E2CF5B56}"
EndProject
Global
	GlobalSection(SolutionConfigurationPlatforms) = preSolution
		Debug|Any CPU = Debug|Any CPU
		Release|Any CPU = Release|Any CPU
	EndGlobalSection
	GlobalSection(ProjectConfigurationPlatforms) = postSolution
		{550A6D1C-71D8-4397-89CB-A2F0E2CF5B56}.Debug|Any CPU.ActiveCfg = Debug|Any CPU
		{550A6D1C-71D8-4397-89CB-A2F0E2CF5B56}.Debug|Any CPU.Build.0 = Debug|Any CPU
		{550A6D1C-71D8-4397-89CB-A2F0E2CF5B56}.Release|Any CPU.ActiveCfg = Release|Any CPU
		{550A6D1C-71D8-4397-89CB-A2F0E2CF5B56}.Release|Any CPU.Build.0 = Release|Any CPU
	EndGlobalSection
	GlobalSection(SolutionProperties) = preSolution
		HideSolutionNode = FALSE
	EndGlobalSection
	GlobalSection(ExtensibilityGlobals) = postSolution
		SolutionGuid = {19DBB566-5EF6-4E3B-8200-C96549F28F5A}
	EndGlobalSection
EndGlobal
