
Microsoft Visual Studio Solution File, Format Version 12.00
# Visual Studio Version 16
VisualStudioVersion = 16.0.31624.102
MinimumVisualStudioVersion = 10.0.40219.1
Project("{FAE04EC0-301F-11D3-BF4B-00C04F79EFBC}") = "ICloneable", "ICloneable\ICloneable.csproj", "{0C4EA7ED-4D39-47C9-979E-D2AAC483F50C}"
EndProject
Global
	GlobalSection(SolutionConfigurationPlatforms) = preSolution
		Debug|Any CPU = Debug|Any CPU
		Release|Any CPU = Release|Any CPU
	EndGlobalSection
	GlobalSection(ProjectConfigurationPlatforms) = postSolution
		{0C4EA7ED-4D39-47C9-979E-D2AAC483F50C}.Debug|Any CPU.ActiveCfg = Debug|Any CPU
		{0C4EA7ED-4D39-47C9-979E-D2AAC483F50C}.Debug|Any CPU.Build.0 = Debug|Any CPU
		{0C4EA7ED-4D39-47C9-979E-D2AAC483F50C}.Release|Any CPU.ActiveCfg = Release|Any CPU
		{0C4EA7ED-4D39-47C9-979E-D2AAC483F50C}.Release|Any CPU.Build.0 = Release|Any CPU
	EndGlobalSection
	GlobalSection(SolutionProperties) = preSolution
		HideSolutionNode = FALSE
	EndGlobalSection
	GlobalSection(ExtensibilityGlobals) = postSolution
		SolutionGuid = {A40BDACB-4901-4CA9-82DE-70544BCFCCDE}
	EndGlobalSection
EndGlobal
