
Microsoft Visual Studio Solution File, Format Version 12.00
# Visual Studio Version 16
VisualStudioVersion = 16.0.31624.102
MinimumVisualStudioVersion = 10.0.40219.1
Project("{FAE04EC0-301F-11D3-BF4B-00C04F79EFBC}") = "fibonacci", "fibonacci\fibonacci.csproj", "{28F72316-4AA0-4B7F-AD44-E3DBD7080D0D}"
EndProject
Project("{FAE04EC0-301F-11D3-BF4B-00C04F79EFBC}") = "TestSequence", "TestSequence\TestSequence.csproj", "{0065304A-EB3D-42AD-B558-2F225EED93D5}"
EndProject
Global
	GlobalSection(SolutionConfigurationPlatforms) = preSolution
		Debug|Any CPU = Debug|Any CPU
		Release|Any CPU = Release|Any CPU
	EndGlobalSection
	GlobalSection(ProjectConfigurationPlatforms) = postSolution
		{28F72316-4AA0-4B7F-AD44-E3DBD7080D0D}.Debug|Any CPU.ActiveCfg = Debug|Any CPU
		{28F72316-4AA0-4B7F-AD44-E3DBD7080D0D}.Debug|Any CPU.Build.0 = Debug|Any CPU
		{28F72316-4AA0-4B7F-AD44-E3DBD7080D0D}.Release|Any CPU.ActiveCfg = Release|Any CPU
		{28F72316-4AA0-4B7F-AD44-E3DBD7080D0D}.Release|Any CPU.Build.0 = Release|Any CPU
		{0065304A-EB3D-42AD-B558-2F225EED93D5}.Debug|Any CPU.ActiveCfg = Debug|Any CPU
		{0065304A-EB3D-42AD-B558-2F225EED93D5}.Debug|Any CPU.Build.0 = Debug|Any CPU
		{0065304A-EB3D-42AD-B558-2F225EED93D5}.Release|Any CPU.ActiveCfg = Release|Any CPU
		{0065304A-EB3D-42AD-B558-2F225EED93D5}.Release|Any CPU.Build.0 = Release|Any CPU
	EndGlobalSection
	GlobalSection(SolutionProperties) = preSolution
		HideSolutionNode = FALSE
	EndGlobalSection
	GlobalSection(ExtensibilityGlobals) = postSolution
		SolutionGuid = {F84EED41-DD17-4F4E-AFD1-12560EEBB5C7}
	EndGlobalSection
EndGlobal
