
Microsoft Visual Studio Solution File, Format Version 12.00
# Visual Studio Version 16
VisualStudioVersion = 16.0.31624.102
MinimumVisualStudioVersion = 10.0.40219.1
Project("{9A19103F-16F7-4668-BE54-9A1E7A4F7556}") = "MyFirstUnitTest", "MyFirstUnitTest.csproj", "{0B20BFB0-4DCD-4F65-8B14-DFB0EBC63845}"
EndProject
Global
	GlobalSection(SolutionConfigurationPlatforms) = preSolution
		Debug|Any CPU = Debug|Any CPU
		Release|Any CPU = Release|Any CPU
	EndGlobalSection
	GlobalSection(ProjectConfigurationPlatforms) = postSolution
		{0B20BFB0-4DCD-4F65-8B14-DFB0EBC63845}.Debug|Any CPU.ActiveCfg = Debug|Any CPU
		{0B20BFB0-4DCD-4F65-8B14-DFB0EBC63845}.Debug|Any CPU.Build.0 = Debug|Any CPU
		{0B20BFB0-4DCD-4F65-8B14-DFB0EBC63845}.Release|Any CPU.ActiveCfg = Release|Any CPU
		{0B20BFB0-4DCD-4F65-8B14-DFB0EBC63845}.Release|Any CPU.Build.0 = Release|Any CPU
	EndGlobalSection
	GlobalSection(SolutionProperties) = preSolution
		HideSolutionNode = FALSE
	EndGlobalSection
	GlobalSection(ExtensibilityGlobals) = postSolution
		SolutionGuid = {2ED54A82-85FC-450D-AC4A-887FFD2F270E}
	EndGlobalSection
EndGlobal
