
Microsoft Visual Studio Solution File, Format Version 12.00
# Visual Studio Version 16
VisualStudioVersion = 16.0.31624.102
MinimumVisualStudioVersion = 10.0.40219.1
Project("{FAE04EC0-301F-11D3-BF4B-00C04F79EFBC}") = "Doubling", "Doubling\Doubling.csproj", "{C9644F7C-9C3F-4621-B2D4-DED59FEAFF94}"
EndProject
Global
	GlobalSection(SolutionConfigurationPlatforms) = preSolution
		Debug|Any CPU = Debug|Any CPU
		Release|Any CPU = Release|Any CPU
	EndGlobalSection
	GlobalSection(ProjectConfigurationPlatforms) = postSolution
		{C9644F7C-9C3F-4621-B2D4-DED59FEAFF94}.Debug|Any CPU.ActiveCfg = Debug|Any CPU
		{C9644F7C-9C3F-4621-B2D4-DED59FEAFF94}.Debug|Any CPU.Build.0 = Debug|Any CPU
		{C9644F7C-9C3F-4621-B2D4-DED59FEAFF94}.Release|Any CPU.ActiveCfg = Release|Any CPU
		{C9644F7C-9C3F-4621-B2D4-DED59FEAFF94}.Release|Any CPU.Build.0 = Release|Any CPU
	EndGlobalSection
	GlobalSection(SolutionProperties) = preSolution
		HideSolutionNode = FALSE
	EndGlobalSection
	GlobalSection(ExtensibilityGlobals) = postSolution
		SolutionGuid = {E42AFC96-0E97-48D5-914F-D82A12D93D35}
	EndGlobalSection
EndGlobal
