
Microsoft Visual Studio Solution File, Format Version 12.00
# Visual Studio Version 16
VisualStudioVersion = 16.0.31729.503
MinimumVisualStudioVersion = 10.0.40219.1
Project("{FAE04EC0-301F-11D3-BF4B-00C04F79EFBC}") = "FoxClub", "FoxClub\FoxClub.csproj", "{00E0E2ED-B2E0-4221-A6D7-A611A9DB6713}"
EndProject
Global
	GlobalSection(SolutionConfigurationPlatforms) = preSolution
		Debug|Any CPU = Debug|Any CPU
		Release|Any CPU = Release|Any CPU
	EndGlobalSection
	GlobalSection(ProjectConfigurationPlatforms) = postSolution
		{00E0E2ED-B2E0-4221-A6D7-A611A9DB6713}.Debug|Any CPU.ActiveCfg = Debug|Any CPU
		{00E0E2ED-B2E0-4221-A6D7-A611A9DB6713}.Debug|Any CPU.Build.0 = Debug|Any CPU
		{00E0E2ED-B2E0-4221-A6D7-A611A9DB6713}.Release|Any CPU.ActiveCfg = Release|Any CPU
		{00E0E2ED-B2E0-4221-A6D7-A611A9DB6713}.Release|Any CPU.Build.0 = Release|Any CPU
	EndGlobalSection
	GlobalSection(SolutionProperties) = preSolution
		HideSolutionNode = FALSE
	EndGlobalSection
	GlobalSection(ExtensibilityGlobals) = postSolution
		SolutionGuid = {108C12B2-2570-4A0C-B629-A725AE66DC63}
	EndGlobalSection
EndGlobal
