
Microsoft Visual Studio Solution File, Format Version 12.00
# Visual Studio Version 16
VisualStudioVersion = 16.0.31624.102
MinimumVisualStudioVersion = 10.0.40219.1
Project("{FAE04EC0-301F-11D3-BF4B-00C04F79EFBC}") = "SwapElements", "SwapElements\SwapElements.csproj", "{68EDA435-8855-462D-951B-D2D89508BEE8}"
EndProject
Global
	GlobalSection(SolutionConfigurationPlatforms) = preSolution
		Debug|Any CPU = Debug|Any CPU
		Release|Any CPU = Release|Any CPU
	EndGlobalSection
	GlobalSection(ProjectConfigurationPlatforms) = postSolution
		{68EDA435-8855-462D-951B-D2D89508BEE8}.Debug|Any CPU.ActiveCfg = Debug|Any CPU
		{68EDA435-8855-462D-951B-D2D89508BEE8}.Debug|Any CPU.Build.0 = Debug|Any CPU
		{68EDA435-8855-462D-951B-D2D89508BEE8}.Release|Any CPU.ActiveCfg = Release|Any CPU
		{68EDA435-8855-462D-951B-D2D89508BEE8}.Release|Any CPU.Build.0 = Release|Any CPU
	EndGlobalSection
	GlobalSection(SolutionProperties) = preSolution
		HideSolutionNode = FALSE
	EndGlobalSection
	GlobalSection(ExtensibilityGlobals) = postSolution
		SolutionGuid = {0B54D93D-9B28-4AA8-8307-31AB0F0E1872}
	EndGlobalSection
EndGlobal
