
Microsoft Visual Studio Solution File, Format Version 12.00
# Visual Studio Version 16
VisualStudioVersion = 16.0.31624.102
MinimumVisualStudioVersion = 10.0.40219.1
Project("{FAE04EC0-301F-11D3-BF4B-00C04F79EFBC}") = "GreeterFunction", "GreeterFunction\GreeterFunction.csproj", "{4EEC14B3-86C5-447F-A060-83CDE342F204}"
EndProject
Global
	GlobalSection(SolutionConfigurationPlatforms) = preSolution
		Debug|Any CPU = Debug|Any CPU
		Release|Any CPU = Release|Any CPU
	EndGlobalSection
	GlobalSection(ProjectConfigurationPlatforms) = postSolution
		{4EEC14B3-86C5-447F-A060-83CDE342F204}.Debug|Any CPU.ActiveCfg = Debug|Any CPU
		{4EEC14B3-86C5-447F-A060-83CDE342F204}.Debug|Any CPU.Build.0 = Debug|Any CPU
		{4EEC14B3-86C5-447F-A060-83CDE342F204}.Release|Any CPU.ActiveCfg = Release|Any CPU
		{4EEC14B3-86C5-447F-A060-83CDE342F204}.Release|Any CPU.Build.0 = Release|Any CPU
	EndGlobalSection
	GlobalSection(SolutionProperties) = preSolution
		HideSolutionNode = FALSE
	EndGlobalSection
	GlobalSection(ExtensibilityGlobals) = postSolution
		SolutionGuid = {FC97C0A6-719D-49A4-B278-3B4241616F7B}
	EndGlobalSection
EndGlobal
